
Microsoft Visual Studio Solution File, Format Version 12.00
# Visual Studio 2012
Project("{FAE04EC0-301F-11D3-BF4B-00C04F79EFBC}") = "ConsoleComV8", "ConsoleComV8\ConsoleComV8.csproj", "{CDA435F3-A8E8-40B1-AC54-1B61C99EE198}"
EndProject
Project("{FAE04EC0-301F-11D3-BF4B-00C04F79EFBC}") = "Otimizacao", "Otimizacao\Otimizacao.csproj", "{C87CBD07-1172-425C-8541-616546FA7A78}"
EndProject
Project("{FAE04EC0-301F-11D3-BF4B-00C04F79EFBC}") = "Otimizacao.Testes", "Otimizacao.Testes\Otimizacao.Testes.csproj", "{B0A89072-5D6E-4CD3-A40C-832081BBB4DD}"
EndProject
Project("{FAE04EC0-301F-11D3-BF4B-00C04F79EFBC}") = "GeradorExcelAnalitico", "GeradorExcelAnalitico\GeradorExcelAnalitico.csproj", "{0BABEA83-D11C-4320-BFDE-C704AC8307FE}"
EndProject
Global
	GlobalSection(SolutionConfigurationPlatforms) = preSolution
		Debug|Any CPU = Debug|Any CPU
		Release|Any CPU = Release|Any CPU
	EndGlobalSection
	GlobalSection(ProjectConfigurationPlatforms) = postSolution
		{CDA435F3-A8E8-40B1-AC54-1B61C99EE198}.Debug|Any CPU.ActiveCfg = Debug|Any CPU
		{CDA435F3-A8E8-40B1-AC54-1B61C99EE198}.Debug|Any CPU.Build.0 = Debug|Any CPU
		{CDA435F3-A8E8-40B1-AC54-1B61C99EE198}.Release|Any CPU.ActiveCfg = Release|Any CPU
		{CDA435F3-A8E8-40B1-AC54-1B61C99EE198}.Release|Any CPU.Build.0 = Release|Any CPU
		{C87CBD07-1172-425C-8541-616546FA7A78}.Debug|Any CPU.ActiveCfg = Debug|Any CPU
		{C87CBD07-1172-425C-8541-616546FA7A78}.Debug|Any CPU.Build.0 = Debug|Any CPU
		{C87CBD07-1172-425C-8541-616546FA7A78}.Release|Any CPU.ActiveCfg = Release|Any CPU
		{C87CBD07-1172-425C-8541-616546FA7A78}.Release|Any CPU.Build.0 = Release|Any CPU
		{B0A89072-5D6E-4CD3-A40C-832081BBB4DD}.Debug|Any CPU.ActiveCfg = Debug|Any CPU
		{B0A89072-5D6E-4CD3-A40C-832081BBB4DD}.Debug|Any CPU.Build.0 = Debug|Any CPU
		{B0A89072-5D6E-4CD3-A40C-832081BBB4DD}.Release|Any CPU.ActiveCfg = Release|Any CPU
		{B0A89072-5D6E-4CD3-A40C-832081BBB4DD}.Release|Any CPU.Build.0 = Release|Any CPU
		{0BABEA83-D11C-4320-BFDE-C704AC8307FE}.Debug|Any CPU.ActiveCfg = Debug|Any CPU
		{0BABEA83-D11C-4320-BFDE-C704AC8307FE}.Debug|Any CPU.Build.0 = Debug|Any CPU
		{0BABEA83-D11C-4320-BFDE-C704AC8307FE}.Release|Any CPU.ActiveCfg = Release|Any CPU
		{0BABEA83-D11C-4320-BFDE-C704AC8307FE}.Release|Any CPU.Build.0 = Release|Any CPU
	EndGlobalSection
	GlobalSection(SolutionProperties) = preSolution
		HideSolutionNode = FALSE
	EndGlobalSection
EndGlobal
