Microsoft Visual Studio Solution File, Format Version 12.00
# Visual Studio 2012
Project("{FAE04EC0-301F-11D3-BF4B-00C04F79EFBC}") = "CodeBureau", "CodeBureau.csproj", "{D912B58F-2A24-4683-9664-9A83EB92F385}"
EndProject
Project("{FAE04EC0-301F-11D3-BF4B-00C04F79EFBC}") = "CodeBureau.Tests", "Tests\CodeBureau.Tests.csproj", "{DABB0866-681A-4CD2-BBEA-FE2C8BD53F5C}"
EndProject
Global
	GlobalSection(SolutionConfigurationPlatforms) = preSolution
		Debug|Any CPU = Debug|Any CPU
		Release|Any CPU = Release|Any CPU
	EndGlobalSection
	GlobalSection(ProjectConfigurationPlatforms) = postSolution
		{D912B58F-2A24-4683-9664-9A83EB92F385}.Debug|Any CPU.ActiveCfg = Debug|Any CPU
		{D912B58F-2A24-4683-9664-9A83EB92F385}.Debug|Any CPU.Build.0 = Debug|Any CPU
		{D912B58F-2A24-4683-9664-9A83EB92F385}.Release|Any CPU.ActiveCfg = Release|Any CPU
		{D912B58F-2A24-4683-9664-9A83EB92F385}.Release|Any CPU.Build.0 = Release|Any CPU
		{DABB0866-681A-4CD2-BBEA-FE2C8BD53F5C}.Debug|Any CPU.ActiveCfg = Debug|Any CPU
		{DABB0866-681A-4CD2-BBEA-FE2C8BD53F5C}.Debug|Any CPU.Build.0 = Debug|Any CPU
		{DABB0866-681A-4CD2-BBEA-FE2C8BD53F5C}.Release|Any CPU.ActiveCfg = Release|Any CPU
		{DABB0866-681A-4CD2-BBEA-FE2C8BD53F5C}.Release|Any CPU.Build.0 = Release|Any CPU
	EndGlobalSection
	GlobalSection(SolutionProperties) = preSolution
		HideSolutionNode = FALSE
	EndGlobalSection
EndGlobal
